
Microsoft Visual Studio Solution File, Format Version 12.00
# Visual Studio Version 16
VisualStudioVersion = 16.0.29519.181
MinimumVisualStudioVersion = 10.0.40219.1
Project("{2150E333-8FDC-42A3-9474-1A3956D46DE8}") = "Solution Items", "Solution Items", "{66C0B1B5-C4C8-445C-8D67-3235244A713A}"
	ProjectSection(SolutionItems) = preProject
		.editorconfig = .editorconfig
		.gitattributes = .gitattributes
		.gitignore = .gitignore
	EndProjectSection
EndProject
Project("{9A19103F-16F7-4668-BE54-9A1E7A4F7556}") = "Sharp.Core", "Sharp.Core\Sharp.Core.csproj", "{A5DE91EB-E133-410F-A74B-C350109DD783}"
EndProject
Project("{9A19103F-16F7-4668-BE54-9A1E7A4F7556}") = "Sharp.FossilDelta", "Sharp.FossilDelta\Sharp.FossilDelta.csproj", "{88C7B9D5-E02F-4D1F-BF1D-8593C18FEC67}"
EndProject
Project("{9A19103F-16F7-4668-BE54-9A1E7A4F7556}") = "Sharp.SQUID", "Sharp.SQUID\Sharp.SQUID.csproj", "{3993E0CF-7CF3-4329-911A-D1F3535B9FF0}"
EndProject
Project("{9A19103F-16F7-4668-BE54-9A1E7A4F7556}") = "Typography.MsdfGen.Core", "Typography.MsdfGen.Core\Typography.MsdfGen.Core.csproj", "{C7FD459E-98FA-42D6-A12D-29409E1D2988}"
EndProject
Project("{9A19103F-16F7-4668-BE54-9A1E7A4F7556}") = "Typography.OpenFont", "Typography-master(1)\Typography-master\Typography.OpenFont\Typography.OpenFont\Typography.OpenFont.csproj", "{A012875D-A81B-4943-967B-E8570DE262AB}"
EndProject
Project("{FAE04EC0-301F-11D3-BF4B-00C04F79EFBC}") = "System.Text.Json", "System.Text.Json\System.Text.Json.csproj", "{81AEA99F-4103-4F8B-A446-5F8394D627A0}"
EndProject
Global
	GlobalSection(SolutionConfigurationPlatforms) = preSolution
		Debug|Any CPU = Debug|Any CPU
		Debug|x64 = Debug|x64
		Debug|x86 = Debug|x86
		DebugFormat|Any CPU = DebugFormat|Any CPU
		DebugFormat|x64 = DebugFormat|x64
		DebugFormat|x86 = DebugFormat|x86
		Release|Any CPU = Release|Any CPU
		Release|x64 = Release|x64
		Release|x86 = Release|x86
	EndGlobalSection
	GlobalSection(ProjectConfigurationPlatforms) = postSolution
		{A5DE91EB-E133-410F-A74B-C350109DD783}.Debug|Any CPU.ActiveCfg = Debug|Any CPU
		{A5DE91EB-E133-410F-A74B-C350109DD783}.Debug|Any CPU.Build.0 = Debug|Any CPU
		{A5DE91EB-E133-410F-A74B-C350109DD783}.Debug|x64.ActiveCfg = Debug|Any CPU
		{A5DE91EB-E133-410F-A74B-C350109DD783}.Debug|x64.Build.0 = Debug|Any CPU
		{A5DE91EB-E133-410F-A74B-C350109DD783}.Debug|x86.ActiveCfg = Debug|Any CPU
		{A5DE91EB-E133-410F-A74B-C350109DD783}.Debug|x86.Build.0 = Debug|Any CPU
		{A5DE91EB-E133-410F-A74B-C350109DD783}.DebugFormat|Any CPU.ActiveCfg = Debug|Any CPU
		{A5DE91EB-E133-410F-A74B-C350109DD783}.DebugFormat|Any CPU.Build.0 = Debug|Any CPU
		{A5DE91EB-E133-410F-A74B-C350109DD783}.DebugFormat|x64.ActiveCfg = Debug|Any CPU
		{A5DE91EB-E133-410F-A74B-C350109DD783}.DebugFormat|x64.Build.0 = Debug|Any CPU
		{A5DE91EB-E133-410F-A74B-C350109DD783}.DebugFormat|x86.ActiveCfg = Debug|Any CPU
		{A5DE91EB-E133-410F-A74B-C350109DD783}.DebugFormat|x86.Build.0 = Debug|Any CPU
		{A5DE91EB-E133-410F-A74B-C350109DD783}.Release|Any CPU.ActiveCfg = Release|Any CPU
		{A5DE91EB-E133-410F-A74B-C350109DD783}.Release|Any CPU.Build.0 = Release|Any CPU
		{A5DE91EB-E133-410F-A74B-C350109DD783}.Release|x64.ActiveCfg = Release|Any CPU
		{A5DE91EB-E133-410F-A74B-C350109DD783}.Release|x64.Build.0 = Release|Any CPU
		{A5DE91EB-E133-410F-A74B-C350109DD783}.Release|x86.ActiveCfg = Release|Any CPU
		{A5DE91EB-E133-410F-A74B-C350109DD783}.Release|x86.Build.0 = Release|Any CPU
		{88C7B9D5-E02F-4D1F-BF1D-8593C18FEC67}.Debug|Any CPU.ActiveCfg = Debug|Any CPU
		{88C7B9D5-E02F-4D1F-BF1D-8593C18FEC67}.Debug|Any CPU.Build.0 = Debug|Any CPU
		{88C7B9D5-E02F-4D1F-BF1D-8593C18FEC67}.Debug|x64.ActiveCfg = Debug|Any CPU
		{88C7B9D5-E02F-4D1F-BF1D-8593C18FEC67}.Debug|x64.Build.0 = Debug|Any CPU
		{88C7B9D5-E02F-4D1F-BF1D-8593C18FEC67}.Debug|x86.ActiveCfg = Debug|Any CPU
		{88C7B9D5-E02F-4D1F-BF1D-8593C18FEC67}.Debug|x86.Build.0 = Debug|Any CPU
		{88C7B9D5-E02F-4D1F-BF1D-8593C18FEC67}.DebugFormat|Any CPU.ActiveCfg = Debug|Any CPU
		{88C7B9D5-E02F-4D1F-BF1D-8593C18FEC67}.DebugFormat|Any CPU.Build.0 = Debug|Any CPU
		{88C7B9D5-E02F-4D1F-BF1D-8593C18FEC67}.DebugFormat|x64.ActiveCfg = Debug|Any CPU
		{88C7B9D5-E02F-4D1F-BF1D-8593C18FEC67}.DebugFormat|x64.Build.0 = Debug|Any CPU
		{88C7B9D5-E02F-4D1F-BF1D-8593C18FEC67}.DebugFormat|x86.ActiveCfg = Debug|Any CPU
		{88C7B9D5-E02F-4D1F-BF1D-8593C18FEC67}.DebugFormat|x86.Build.0 = Debug|Any CPU
		{88C7B9D5-E02F-4D1F-BF1D-8593C18FEC67}.Release|Any CPU.ActiveCfg = Release|Any CPU
		{88C7B9D5-E02F-4D1F-BF1D-8593C18FEC67}.Release|Any CPU.Build.0 = Release|Any CPU
		{88C7B9D5-E02F-4D1F-BF1D-8593C18FEC67}.Release|x64.ActiveCfg = Release|Any CPU
		{88C7B9D5-E02F-4D1F-BF1D-8593C18FEC67}.Release|x64.Build.0 = Release|Any CPU
		{88C7B9D5-E02F-4D1F-BF1D-8593C18FEC67}.Release|x86.ActiveCfg = Release|Any CPU
		{88C7B9D5-E02F-4D1F-BF1D-8593C18FEC67}.Release|x86.Build.0 = Release|Any CPU
		{3993E0CF-7CF3-4329-911A-D1F3535B9FF0}.Debug|Any CPU.ActiveCfg = Debug|Any CPU
		{3993E0CF-7CF3-4329-911A-D1F3535B9FF0}.Debug|Any CPU.Build.0 = Debug|Any CPU
		{3993E0CF-7CF3-4329-911A-D1F3535B9FF0}.Debug|x64.ActiveCfg = Debug|Any CPU
		{3993E0CF-7CF3-4329-911A-D1F3535B9FF0}.Debug|x64.Build.0 = Debug|Any CPU
		{3993E0CF-7CF3-4329-911A-D1F3535B9FF0}.Debug|x86.ActiveCfg = Debug|Any CPU
		{3993E0CF-7CF3-4329-911A-D1F3535B9FF0}.Debug|x86.Build.0 = Debug|Any CPU
		{3993E0CF-7CF3-4329-911A-D1F3535B9FF0}.DebugFormat|Any CPU.ActiveCfg = Debug|Any CPU
		{3993E0CF-7CF3-4329-911A-D1F3535B9FF0}.DebugFormat|Any CPU.Build.0 = Debug|Any CPU
		{3993E0CF-7CF3-4329-911A-D1F3535B9FF0}.DebugFormat|x64.ActiveCfg = Debug|Any CPU
		{3993E0CF-7CF3-4329-911A-D1F3535B9FF0}.DebugFormat|x64.Build.0 = Debug|Any CPU
		{3993E0CF-7CF3-4329-911A-D1F3535B9FF0}.DebugFormat|x86.ActiveCfg = Debug|Any CPU
		{3993E0CF-7CF3-4329-911A-D1F3535B9FF0}.DebugFormat|x86.Build.0 = Debug|Any CPU
		{3993E0CF-7CF3-4329-911A-D1F3535B9FF0}.Release|Any CPU.ActiveCfg = Release|Any CPU
		{3993E0CF-7CF3-4329-911A-D1F3535B9FF0}.Release|Any CPU.Build.0 = Release|Any CPU
		{3993E0CF-7CF3-4329-911A-D1F3535B9FF0}.Release|x64.ActiveCfg = Release|Any CPU
		{3993E0CF-7CF3-4329-911A-D1F3535B9FF0}.Release|x64.Build.0 = Release|Any CPU
		{3993E0CF-7CF3-4329-911A-D1F3535B9FF0}.Release|x86.ActiveCfg = Release|Any CPU
		{3993E0CF-7CF3-4329-911A-D1F3535B9FF0}.Release|x86.Build.0 = Release|Any CPU
		{C7FD459E-98FA-42D6-A12D-29409E1D2988}.Debug|Any CPU.ActiveCfg = Debug|Any CPU
		{C7FD459E-98FA-42D6-A12D-29409E1D2988}.Debug|Any CPU.Build.0 = Debug|Any CPU
		{C7FD459E-98FA-42D6-A12D-29409E1D2988}.Debug|x64.ActiveCfg = Debug|Any CPU
		{C7FD459E-98FA-42D6-A12D-29409E1D2988}.Debug|x64.Build.0 = Debug|Any CPU
		{C7FD459E-98FA-42D6-A12D-29409E1D2988}.Debug|x86.ActiveCfg = Debug|Any CPU
		{C7FD459E-98FA-42D6-A12D-29409E1D2988}.Debug|x86.Build.0 = Debug|Any CPU
		{C7FD459E-98FA-42D6-A12D-29409E1D2988}.DebugFormat|Any CPU.ActiveCfg = Debug|Any CPU
		{C7FD459E-98FA-42D6-A12D-29409E1D2988}.DebugFormat|Any CPU.Build.0 = Debug|Any CPU
		{C7FD459E-98FA-42D6-A12D-29409E1D2988}.DebugFormat|x64.ActiveCfg = Debug|Any CPU
		{C7FD459E-98FA-42D6-A12D-29409E1D2988}.DebugFormat|x64.Build.0 = Debug|Any CPU
		{C7FD459E-98FA-42D6-A12D-29409E1D2988}.DebugFormat|x86.ActiveCfg = Debug|Any CPU
		{C7FD459E-98FA-42D6-A12D-29409E1D2988}.DebugFormat|x86.Build.0 = Debug|Any CPU
		{C7FD459E-98FA-42D6-A12D-29409E1D2988}.Release|Any CPU.ActiveCfg = Release|Any CPU
		{C7FD459E-98FA-42D6-A12D-29409E1D2988}.Release|Any CPU.Build.0 = Release|Any CPU
		{C7FD459E-98FA-42D6-A12D-29409E1D2988}.Release|x64.ActiveCfg = Release|Any CPU
		{C7FD459E-98FA-42D6-A12D-29409E1D2988}.Release|x64.Build.0 = Release|Any CPU
		{C7FD459E-98FA-42D6-A12D-29409E1D2988}.Release|x86.ActiveCfg = Release|Any CPU
		{C7FD459E-98FA-42D6-A12D-29409E1D2988}.Release|x86.Build.0 = Release|Any CPU
		{A012875D-A81B-4943-967B-E8570DE262AB}.Debug|Any CPU.ActiveCfg = Debug|Any CPU
		{A012875D-A81B-4943-967B-E8570DE262AB}.Debug|Any CPU.Build.0 = Debug|Any CPU
		{A012875D-A81B-4943-967B-E8570DE262AB}.Debug|x64.ActiveCfg = Debug|Any CPU
		{A012875D-A81B-4943-967B-E8570DE262AB}.Debug|x64.Build.0 = Debug|Any CPU
		{A012875D-A81B-4943-967B-E8570DE262AB}.Debug|x86.ActiveCfg = Debug|Any CPU
		{A012875D-A81B-4943-967B-E8570DE262AB}.Debug|x86.Build.0 = Debug|Any CPU
		{A012875D-A81B-4943-967B-E8570DE262AB}.DebugFormat|Any CPU.ActiveCfg = Debug|Any CPU
		{A012875D-A81B-4943-967B-E8570DE262AB}.DebugFormat|Any CPU.Build.0 = Debug|Any CPU
		{A012875D-A81B-4943-967B-E8570DE262AB}.DebugFormat|x64.ActiveCfg = Debug|Any CPU
		{A012875D-A81B-4943-967B-E8570DE262AB}.DebugFormat|x64.Build.0 = Debug|Any CPU
		{A012875D-A81B-4943-967B-E8570DE262AB}.DebugFormat|x86.ActiveCfg = Debug|Any CPU
		{A012875D-A81B-4943-967B-E8570DE262AB}.DebugFormat|x86.Build.0 = Debug|Any CPU
		{A012875D-A81B-4943-967B-E8570DE262AB}.Release|Any CPU.ActiveCfg = Release|Any CPU
		{A012875D-A81B-4943-967B-E8570DE262AB}.Release|Any CPU.Build.0 = Release|Any CPU
		{A012875D-A81B-4943-967B-E8570DE262AB}.Release|x64.ActiveCfg = Release|Any CPU
		{A012875D-A81B-4943-967B-E8570DE262AB}.Release|x64.Build.0 = Release|Any CPU
		{A012875D-A81B-4943-967B-E8570DE262AB}.Release|x86.ActiveCfg = Release|Any CPU
		{A012875D-A81B-4943-967B-E8570DE262AB}.Release|x86.Build.0 = Release|Any CPU
		{81AEA99F-4103-4F8B-A446-5F8394D627A0}.Debug|Any CPU.ActiveCfg = Debug|Any CPU
		{81AEA99F-4103-4F8B-A446-5F8394D627A0}.Debug|Any CPU.Build.0 = Debug|Any CPU
		{81AEA99F-4103-4F8B-A446-5F8394D627A0}.Debug|x64.ActiveCfg = Debug|Any CPU
		{81AEA99F-4103-4F8B-A446-5F8394D627A0}.Debug|x64.Build.0 = Debug|Any CPU
		{81AEA99F-4103-4F8B-A446-5F8394D627A0}.Debug|x86.ActiveCfg = Debug|Any CPU
		{81AEA99F-4103-4F8B-A446-5F8394D627A0}.Debug|x86.Build.0 = Debug|Any CPU
		{81AEA99F-4103-4F8B-A446-5F8394D627A0}.DebugFormat|Any CPU.ActiveCfg = Debug|Any CPU
		{81AEA99F-4103-4F8B-A446-5F8394D627A0}.DebugFormat|Any CPU.Build.0 = Debug|Any CPU
		{81AEA99F-4103-4F8B-A446-5F8394D627A0}.DebugFormat|x64.ActiveCfg = Debug|Any CPU
		{81AEA99F-4103-4F8B-A446-5F8394D627A0}.DebugFormat|x64.Build.0 = Debug|Any CPU
		{81AEA99F-4103-4F8B-A446-5F8394D627A0}.DebugFormat|x86.ActiveCfg = Debug|Any CPU
		{81AEA99F-4103-4F8B-A446-5F8394D627A0}.DebugFormat|x86.Build.0 = Debug|Any CPU
		{81AEA99F-4103-4F8B-A446-5F8394D627A0}.Release|Any CPU.ActiveCfg = Release|Any CPU
		{81AEA99F-4103-4F8B-A446-5F8394D627A0}.Release|Any CPU.Build.0 = Release|Any CPU
		{81AEA99F-4103-4F8B-A446-5F8394D627A0}.Release|x64.ActiveCfg = Release|Any CPU
		{81AEA99F-4103-4F8B-A446-5F8394D627A0}.Release|x64.Build.0 = Release|Any CPU
		{81AEA99F-4103-4F8B-A446-5F8394D627A0}.Release|x86.ActiveCfg = Release|Any CPU
		{81AEA99F-4103-4F8B-A446-5F8394D627A0}.Release|x86.Build.0 = Release|Any CPU
	EndGlobalSection
	GlobalSection(SolutionProperties) = preSolution
		HideSolutionNode = FALSE
	EndGlobalSection
	GlobalSection(ExtensibilityGlobals) = postSolution
		SolutionGuid = {040E81F2-20F2-4829-9E87-D63403AB18C0}
	EndGlobalSection
EndGlobal
