
Microsoft Visual Studio Solution File, Format Version 12.00
# Visual Studio Version 17
VisualStudioVersion = 17.0.31710.8
MinimumVisualStudioVersion = 10.0.40219.1
Project("{2150E333-8FDC-42A3-9474-1A3956D46DE8}") = "Solution Items", "Solution Items", "{66C0B1B5-C4C8-445C-8D67-3235244A713A}"
	ProjectSection(SolutionItems) = preProject
		.editorconfig = .editorconfig
		.gitattributes = .gitattributes
		.gitignore = .gitignore
	EndProjectSection
EndProject
Project("{9A19103F-16F7-4668-BE54-9A1E7A4F7556}") = "Sharp.Core", "Sharp.Core\Sharp.Core.csproj", "{A5DE91EB-E133-410F-A74B-C350109DD783}"
EndProject
Project("{9A19103F-16F7-4668-BE54-9A1E7A4F7556}") = "Sharp.FossilDelta", "Sharp.FossilDelta\Sharp.FossilDelta.csproj", "{88C7B9D5-E02F-4D1F-BF1D-8593C18FEC67}"
EndProject
Project("{9A19103F-16F7-4668-BE54-9A1E7A4F7556}") = "Sharp.SQUID", "Sharp.SQUID\Sharp.SQUID.csproj", "{3993E0CF-7CF3-4329-911A-D1F3535B9FF0}"
EndProject
Project("{9A19103F-16F7-4668-BE54-9A1E7A4F7556}") = "Newtonsoft.Json", "Newtonsoft.Json-master\Src\Newtonsoft.Json\Newtonsoft.Json.csproj", "{73CE0579-16DF-42A5-86A4-8144B6A45483}"
EndProject
Project("{9A19103F-16F7-4668-BE54-9A1E7A4F7556}") = "PluginAbstraction", "PluginAbstraction\PluginAbstraction.csproj", "{66CAC93E-C44B-4A3C-8BE0-C12C14A7348E}"
EndProject
Project("{9A19103F-16F7-4668-BE54-9A1E7A4F7556}") = "OpenGLPlugin", "OpenGLPlugin\OpenGLPlugin.csproj", "{2A3A4F5A-B2AD-4DB1-B128-E0B3A933A52E}"
EndProject
Project("{9A19103F-16F7-4668-BE54-9A1E7A4F7556}") = "BepuPhysics", "BepuPhysics\BepuPhysics.csproj", "{9C8E3875-1C15-47F1-AE20-41ECAC98C0DE}"
EndProject
Project("{9A19103F-16F7-4668-BE54-9A1E7A4F7556}") = "BepuUtilities", "BepuUtilities\BepuUtilities.csproj", "{E36FBA9E-7FD7-49AD-B2BA-E69B65B0CA9F}"
EndProject
Project("{9A19103F-16F7-4668-BE54-9A1E7A4F7556}") = "ImageSharpPlugin", "ImageSharpPlugin\ImageSharpPlugin.csproj", "{7A565927-520B-4CB9-B521-7C7DB19DB5EF}"
EndProject
Project("{9A19103F-16F7-4668-BE54-9A1E7A4F7556}") = "AssimpPlugin", "AssimpPlugin\AssimpPlugin.csproj", "{4C468FFF-DED6-4AAC-ACE1-53FEAA3E33C3}"
EndProject
Global
	GlobalSection(SolutionConfigurationPlatforms) = preSolution
		Debug|Any CPU = Debug|Any CPU
		Debug|x64 = Debug|x64
		Debug|x86 = Debug|x86
		DebugFormat|Any CPU = DebugFormat|Any CPU
		DebugFormat|x64 = DebugFormat|x64
		DebugFormat|x86 = DebugFormat|x86
		Release|Any CPU = Release|Any CPU
		Release|x64 = Release|x64
		Release|x86 = Release|x86
		ReleaseStrip|Any CPU = ReleaseStrip|Any CPU
		ReleaseStrip|x64 = ReleaseStrip|x64
		ReleaseStrip|x86 = ReleaseStrip|x86
		ReleaseStripNoProfiling|Any CPU = ReleaseStripNoProfiling|Any CPU
		ReleaseStripNoProfiling|x64 = ReleaseStripNoProfiling|x64
		ReleaseStripNoProfiling|x86 = ReleaseStripNoProfiling|x86
		test|Any CPU = test|Any CPU
		test|x64 = test|x64
		test|x86 = test|x86
	EndGlobalSection
	GlobalSection(ProjectConfigurationPlatforms) = postSolution
		{A5DE91EB-E133-410F-A74B-C350109DD783}.Debug|Any CPU.ActiveCfg = Debug|Any CPU
		{A5DE91EB-E133-410F-A74B-C350109DD783}.Debug|Any CPU.Build.0 = Debug|Any CPU
		{A5DE91EB-E133-410F-A74B-C350109DD783}.Debug|x64.ActiveCfg = Debug|Any CPU
		{A5DE91EB-E133-410F-A74B-C350109DD783}.Debug|x64.Build.0 = Debug|Any CPU
		{A5DE91EB-E133-410F-A74B-C350109DD783}.Debug|x86.ActiveCfg = Debug|Any CPU
		{A5DE91EB-E133-410F-A74B-C350109DD783}.Debug|x86.Build.0 = Debug|Any CPU
		{A5DE91EB-E133-410F-A74B-C350109DD783}.DebugFormat|Any CPU.ActiveCfg = Debug|Any CPU
		{A5DE91EB-E133-410F-A74B-C350109DD783}.DebugFormat|Any CPU.Build.0 = Debug|Any CPU
		{A5DE91EB-E133-410F-A74B-C350109DD783}.DebugFormat|x64.ActiveCfg = Debug|Any CPU
		{A5DE91EB-E133-410F-A74B-C350109DD783}.DebugFormat|x64.Build.0 = Debug|Any CPU
		{A5DE91EB-E133-410F-A74B-C350109DD783}.DebugFormat|x86.ActiveCfg = Debug|Any CPU
		{A5DE91EB-E133-410F-A74B-C350109DD783}.DebugFormat|x86.Build.0 = Debug|Any CPU
		{A5DE91EB-E133-410F-A74B-C350109DD783}.Release|Any CPU.ActiveCfg = Release|Any CPU
		{A5DE91EB-E133-410F-A74B-C350109DD783}.Release|Any CPU.Build.0 = Release|Any CPU
		{A5DE91EB-E133-410F-A74B-C350109DD783}.Release|x64.ActiveCfg = Release|Any CPU
		{A5DE91EB-E133-410F-A74B-C350109DD783}.Release|x64.Build.0 = Release|Any CPU
		{A5DE91EB-E133-410F-A74B-C350109DD783}.Release|x86.ActiveCfg = Release|Any CPU
		{A5DE91EB-E133-410F-A74B-C350109DD783}.Release|x86.Build.0 = Release|Any CPU
		{A5DE91EB-E133-410F-A74B-C350109DD783}.ReleaseStrip|Any CPU.ActiveCfg = Release|Any CPU
		{A5DE91EB-E133-410F-A74B-C350109DD783}.ReleaseStrip|Any CPU.Build.0 = Release|Any CPU
		{A5DE91EB-E133-410F-A74B-C350109DD783}.ReleaseStrip|x64.ActiveCfg = Release|Any CPU
		{A5DE91EB-E133-410F-A74B-C350109DD783}.ReleaseStrip|x64.Build.0 = Release|Any CPU
		{A5DE91EB-E133-410F-A74B-C350109DD783}.ReleaseStrip|x86.ActiveCfg = Release|Any CPU
		{A5DE91EB-E133-410F-A74B-C350109DD783}.ReleaseStrip|x86.Build.0 = Release|Any CPU
		{A5DE91EB-E133-410F-A74B-C350109DD783}.ReleaseStripNoProfiling|Any CPU.ActiveCfg = Release|Any CPU
		{A5DE91EB-E133-410F-A74B-C350109DD783}.ReleaseStripNoProfiling|Any CPU.Build.0 = Release|Any CPU
		{A5DE91EB-E133-410F-A74B-C350109DD783}.ReleaseStripNoProfiling|x64.ActiveCfg = Release|Any CPU
		{A5DE91EB-E133-410F-A74B-C350109DD783}.ReleaseStripNoProfiling|x64.Build.0 = Release|Any CPU
		{A5DE91EB-E133-410F-A74B-C350109DD783}.ReleaseStripNoProfiling|x86.ActiveCfg = Release|Any CPU
		{A5DE91EB-E133-410F-A74B-C350109DD783}.ReleaseStripNoProfiling|x86.Build.0 = Release|Any CPU
		{A5DE91EB-E133-410F-A74B-C350109DD783}.test|Any CPU.ActiveCfg = test|Any CPU
		{A5DE91EB-E133-410F-A74B-C350109DD783}.test|Any CPU.Build.0 = test|Any CPU
		{A5DE91EB-E133-410F-A74B-C350109DD783}.test|x64.ActiveCfg = test|Any CPU
		{A5DE91EB-E133-410F-A74B-C350109DD783}.test|x64.Build.0 = test|Any CPU
		{A5DE91EB-E133-410F-A74B-C350109DD783}.test|x86.ActiveCfg = test|Any CPU
		{A5DE91EB-E133-410F-A74B-C350109DD783}.test|x86.Build.0 = test|Any CPU
		{88C7B9D5-E02F-4D1F-BF1D-8593C18FEC67}.Debug|Any CPU.ActiveCfg = Debug|Any CPU
		{88C7B9D5-E02F-4D1F-BF1D-8593C18FEC67}.Debug|Any CPU.Build.0 = Debug|Any CPU
		{88C7B9D5-E02F-4D1F-BF1D-8593C18FEC67}.Debug|x64.ActiveCfg = Debug|Any CPU
		{88C7B9D5-E02F-4D1F-BF1D-8593C18FEC67}.Debug|x64.Build.0 = Debug|Any CPU
		{88C7B9D5-E02F-4D1F-BF1D-8593C18FEC67}.Debug|x86.ActiveCfg = Debug|Any CPU
		{88C7B9D5-E02F-4D1F-BF1D-8593C18FEC67}.Debug|x86.Build.0 = Debug|Any CPU
		{88C7B9D5-E02F-4D1F-BF1D-8593C18FEC67}.DebugFormat|Any CPU.ActiveCfg = Debug|Any CPU
		{88C7B9D5-E02F-4D1F-BF1D-8593C18FEC67}.DebugFormat|Any CPU.Build.0 = Debug|Any CPU
		{88C7B9D5-E02F-4D1F-BF1D-8593C18FEC67}.DebugFormat|x64.ActiveCfg = Debug|Any CPU
		{88C7B9D5-E02F-4D1F-BF1D-8593C18FEC67}.DebugFormat|x64.Build.0 = Debug|Any CPU
		{88C7B9D5-E02F-4D1F-BF1D-8593C18FEC67}.DebugFormat|x86.ActiveCfg = Debug|Any CPU
		{88C7B9D5-E02F-4D1F-BF1D-8593C18FEC67}.DebugFormat|x86.Build.0 = Debug|Any CPU
		{88C7B9D5-E02F-4D1F-BF1D-8593C18FEC67}.Release|Any CPU.ActiveCfg = Release|Any CPU
		{88C7B9D5-E02F-4D1F-BF1D-8593C18FEC67}.Release|Any CPU.Build.0 = Release|Any CPU
		{88C7B9D5-E02F-4D1F-BF1D-8593C18FEC67}.Release|x64.ActiveCfg = Release|Any CPU
		{88C7B9D5-E02F-4D1F-BF1D-8593C18FEC67}.Release|x64.Build.0 = Release|Any CPU
		{88C7B9D5-E02F-4D1F-BF1D-8593C18FEC67}.Release|x86.ActiveCfg = Release|Any CPU
		{88C7B9D5-E02F-4D1F-BF1D-8593C18FEC67}.Release|x86.Build.0 = Release|Any CPU
		{88C7B9D5-E02F-4D1F-BF1D-8593C18FEC67}.ReleaseStrip|Any CPU.ActiveCfg = Release|Any CPU
		{88C7B9D5-E02F-4D1F-BF1D-8593C18FEC67}.ReleaseStrip|Any CPU.Build.0 = Release|Any CPU
		{88C7B9D5-E02F-4D1F-BF1D-8593C18FEC67}.ReleaseStrip|x64.ActiveCfg = Release|Any CPU
		{88C7B9D5-E02F-4D1F-BF1D-8593C18FEC67}.ReleaseStrip|x64.Build.0 = Release|Any CPU
		{88C7B9D5-E02F-4D1F-BF1D-8593C18FEC67}.ReleaseStrip|x86.ActiveCfg = Release|Any CPU
		{88C7B9D5-E02F-4D1F-BF1D-8593C18FEC67}.ReleaseStrip|x86.Build.0 = Release|Any CPU
		{88C7B9D5-E02F-4D1F-BF1D-8593C18FEC67}.ReleaseStripNoProfiling|Any CPU.ActiveCfg = Release|Any CPU
		{88C7B9D5-E02F-4D1F-BF1D-8593C18FEC67}.ReleaseStripNoProfiling|Any CPU.Build.0 = Release|Any CPU
		{88C7B9D5-E02F-4D1F-BF1D-8593C18FEC67}.ReleaseStripNoProfiling|x64.ActiveCfg = Release|Any CPU
		{88C7B9D5-E02F-4D1F-BF1D-8593C18FEC67}.ReleaseStripNoProfiling|x64.Build.0 = Release|Any CPU
		{88C7B9D5-E02F-4D1F-BF1D-8593C18FEC67}.ReleaseStripNoProfiling|x86.ActiveCfg = Release|Any CPU
		{88C7B9D5-E02F-4D1F-BF1D-8593C18FEC67}.ReleaseStripNoProfiling|x86.Build.0 = Release|Any CPU
		{88C7B9D5-E02F-4D1F-BF1D-8593C18FEC67}.test|Any CPU.ActiveCfg = test|Any CPU
		{88C7B9D5-E02F-4D1F-BF1D-8593C18FEC67}.test|Any CPU.Build.0 = test|Any CPU
		{88C7B9D5-E02F-4D1F-BF1D-8593C18FEC67}.test|x64.ActiveCfg = test|Any CPU
		{88C7B9D5-E02F-4D1F-BF1D-8593C18FEC67}.test|x64.Build.0 = test|Any CPU
		{88C7B9D5-E02F-4D1F-BF1D-8593C18FEC67}.test|x86.ActiveCfg = test|Any CPU
		{88C7B9D5-E02F-4D1F-BF1D-8593C18FEC67}.test|x86.Build.0 = test|Any CPU
		{3993E0CF-7CF3-4329-911A-D1F3535B9FF0}.Debug|Any CPU.ActiveCfg = Debug|Any CPU
		{3993E0CF-7CF3-4329-911A-D1F3535B9FF0}.Debug|Any CPU.Build.0 = Debug|Any CPU
		{3993E0CF-7CF3-4329-911A-D1F3535B9FF0}.Debug|x64.ActiveCfg = Debug|Any CPU
		{3993E0CF-7CF3-4329-911A-D1F3535B9FF0}.Debug|x64.Build.0 = Debug|Any CPU
		{3993E0CF-7CF3-4329-911A-D1F3535B9FF0}.Debug|x86.ActiveCfg = Debug|Any CPU
		{3993E0CF-7CF3-4329-911A-D1F3535B9FF0}.Debug|x86.Build.0 = Debug|Any CPU
		{3993E0CF-7CF3-4329-911A-D1F3535B9FF0}.DebugFormat|Any CPU.ActiveCfg = Debug|Any CPU
		{3993E0CF-7CF3-4329-911A-D1F3535B9FF0}.DebugFormat|Any CPU.Build.0 = Debug|Any CPU
		{3993E0CF-7CF3-4329-911A-D1F3535B9FF0}.DebugFormat|x64.ActiveCfg = Debug|Any CPU
		{3993E0CF-7CF3-4329-911A-D1F3535B9FF0}.DebugFormat|x64.Build.0 = Debug|Any CPU
		{3993E0CF-7CF3-4329-911A-D1F3535B9FF0}.DebugFormat|x86.ActiveCfg = Debug|Any CPU
		{3993E0CF-7CF3-4329-911A-D1F3535B9FF0}.DebugFormat|x86.Build.0 = Debug|Any CPU
		{3993E0CF-7CF3-4329-911A-D1F3535B9FF0}.Release|Any CPU.ActiveCfg = Release|Any CPU
		{3993E0CF-7CF3-4329-911A-D1F3535B9FF0}.Release|Any CPU.Build.0 = Release|Any CPU
		{3993E0CF-7CF3-4329-911A-D1F3535B9FF0}.Release|x64.ActiveCfg = Release|Any CPU
		{3993E0CF-7CF3-4329-911A-D1F3535B9FF0}.Release|x64.Build.0 = Release|Any CPU
		{3993E0CF-7CF3-4329-911A-D1F3535B9FF0}.Release|x86.ActiveCfg = Release|Any CPU
		{3993E0CF-7CF3-4329-911A-D1F3535B9FF0}.Release|x86.Build.0 = Release|Any CPU
		{3993E0CF-7CF3-4329-911A-D1F3535B9FF0}.ReleaseStrip|Any CPU.ActiveCfg = Release|Any CPU
		{3993E0CF-7CF3-4329-911A-D1F3535B9FF0}.ReleaseStrip|Any CPU.Build.0 = Release|Any CPU
		{3993E0CF-7CF3-4329-911A-D1F3535B9FF0}.ReleaseStrip|x64.ActiveCfg = Release|Any CPU
		{3993E0CF-7CF3-4329-911A-D1F3535B9FF0}.ReleaseStrip|x64.Build.0 = Release|Any CPU
		{3993E0CF-7CF3-4329-911A-D1F3535B9FF0}.ReleaseStrip|x86.ActiveCfg = Release|Any CPU
		{3993E0CF-7CF3-4329-911A-D1F3535B9FF0}.ReleaseStrip|x86.Build.0 = Release|Any CPU
		{3993E0CF-7CF3-4329-911A-D1F3535B9FF0}.ReleaseStripNoProfiling|Any CPU.ActiveCfg = Release|Any CPU
		{3993E0CF-7CF3-4329-911A-D1F3535B9FF0}.ReleaseStripNoProfiling|Any CPU.Build.0 = Release|Any CPU
		{3993E0CF-7CF3-4329-911A-D1F3535B9FF0}.ReleaseStripNoProfiling|x64.ActiveCfg = Release|Any CPU
		{3993E0CF-7CF3-4329-911A-D1F3535B9FF0}.ReleaseStripNoProfiling|x64.Build.0 = Release|Any CPU
		{3993E0CF-7CF3-4329-911A-D1F3535B9FF0}.ReleaseStripNoProfiling|x86.ActiveCfg = Release|Any CPU
		{3993E0CF-7CF3-4329-911A-D1F3535B9FF0}.ReleaseStripNoProfiling|x86.Build.0 = Release|Any CPU
		{3993E0CF-7CF3-4329-911A-D1F3535B9FF0}.test|Any CPU.ActiveCfg = test|Any CPU
		{3993E0CF-7CF3-4329-911A-D1F3535B9FF0}.test|Any CPU.Build.0 = test|Any CPU
		{3993E0CF-7CF3-4329-911A-D1F3535B9FF0}.test|x64.ActiveCfg = test|Any CPU
		{3993E0CF-7CF3-4329-911A-D1F3535B9FF0}.test|x64.Build.0 = test|Any CPU
		{3993E0CF-7CF3-4329-911A-D1F3535B9FF0}.test|x86.ActiveCfg = test|Any CPU
		{3993E0CF-7CF3-4329-911A-D1F3535B9FF0}.test|x86.Build.0 = test|Any CPU
		{73CE0579-16DF-42A5-86A4-8144B6A45483}.Debug|Any CPU.ActiveCfg = Debug|Any CPU
		{73CE0579-16DF-42A5-86A4-8144B6A45483}.Debug|Any CPU.Build.0 = Debug|Any CPU
		{73CE0579-16DF-42A5-86A4-8144B6A45483}.Debug|x64.ActiveCfg = Debug|Any CPU
		{73CE0579-16DF-42A5-86A4-8144B6A45483}.Debug|x64.Build.0 = Debug|Any CPU
		{73CE0579-16DF-42A5-86A4-8144B6A45483}.Debug|x86.ActiveCfg = Debug|Any CPU
		{73CE0579-16DF-42A5-86A4-8144B6A45483}.Debug|x86.Build.0 = Debug|Any CPU
		{73CE0579-16DF-42A5-86A4-8144B6A45483}.DebugFormat|Any CPU.ActiveCfg = Debug|Any CPU
		{73CE0579-16DF-42A5-86A4-8144B6A45483}.DebugFormat|Any CPU.Build.0 = Debug|Any CPU
		{73CE0579-16DF-42A5-86A4-8144B6A45483}.DebugFormat|x64.ActiveCfg = Debug|Any CPU
		{73CE0579-16DF-42A5-86A4-8144B6A45483}.DebugFormat|x64.Build.0 = Debug|Any CPU
		{73CE0579-16DF-42A5-86A4-8144B6A45483}.DebugFormat|x86.ActiveCfg = Debug|Any CPU
		{73CE0579-16DF-42A5-86A4-8144B6A45483}.DebugFormat|x86.Build.0 = Debug|Any CPU
		{73CE0579-16DF-42A5-86A4-8144B6A45483}.Release|Any CPU.ActiveCfg = Release|Any CPU
		{73CE0579-16DF-42A5-86A4-8144B6A45483}.Release|Any CPU.Build.0 = Release|Any CPU
		{73CE0579-16DF-42A5-86A4-8144B6A45483}.Release|x64.ActiveCfg = Release|Any CPU
		{73CE0579-16DF-42A5-86A4-8144B6A45483}.Release|x64.Build.0 = Release|Any CPU
		{73CE0579-16DF-42A5-86A4-8144B6A45483}.Release|x86.ActiveCfg = Release|Any CPU
		{73CE0579-16DF-42A5-86A4-8144B6A45483}.Release|x86.Build.0 = Release|Any CPU
		{73CE0579-16DF-42A5-86A4-8144B6A45483}.ReleaseStrip|Any CPU.ActiveCfg = Release|Any CPU
		{73CE0579-16DF-42A5-86A4-8144B6A45483}.ReleaseStrip|Any CPU.Build.0 = Release|Any CPU
		{73CE0579-16DF-42A5-86A4-8144B6A45483}.ReleaseStrip|x64.ActiveCfg = Release|Any CPU
		{73CE0579-16DF-42A5-86A4-8144B6A45483}.ReleaseStrip|x64.Build.0 = Release|Any CPU
		{73CE0579-16DF-42A5-86A4-8144B6A45483}.ReleaseStrip|x86.ActiveCfg = Release|Any CPU
		{73CE0579-16DF-42A5-86A4-8144B6A45483}.ReleaseStrip|x86.Build.0 = Release|Any CPU
		{73CE0579-16DF-42A5-86A4-8144B6A45483}.ReleaseStripNoProfiling|Any CPU.ActiveCfg = Release|Any CPU
		{73CE0579-16DF-42A5-86A4-8144B6A45483}.ReleaseStripNoProfiling|Any CPU.Build.0 = Release|Any CPU
		{73CE0579-16DF-42A5-86A4-8144B6A45483}.ReleaseStripNoProfiling|x64.ActiveCfg = Release|Any CPU
		{73CE0579-16DF-42A5-86A4-8144B6A45483}.ReleaseStripNoProfiling|x64.Build.0 = Release|Any CPU
		{73CE0579-16DF-42A5-86A4-8144B6A45483}.ReleaseStripNoProfiling|x86.ActiveCfg = Release|Any CPU
		{73CE0579-16DF-42A5-86A4-8144B6A45483}.ReleaseStripNoProfiling|x86.Build.0 = Release|Any CPU
		{73CE0579-16DF-42A5-86A4-8144B6A45483}.test|Any CPU.ActiveCfg = test|Any CPU
		{73CE0579-16DF-42A5-86A4-8144B6A45483}.test|Any CPU.Build.0 = test|Any CPU
		{73CE0579-16DF-42A5-86A4-8144B6A45483}.test|x64.ActiveCfg = test|Any CPU
		{73CE0579-16DF-42A5-86A4-8144B6A45483}.test|x64.Build.0 = test|Any CPU
		{73CE0579-16DF-42A5-86A4-8144B6A45483}.test|x86.ActiveCfg = test|Any CPU
		{73CE0579-16DF-42A5-86A4-8144B6A45483}.test|x86.Build.0 = test|Any CPU
		{66CAC93E-C44B-4A3C-8BE0-C12C14A7348E}.Debug|Any CPU.ActiveCfg = Debug|Any CPU
		{66CAC93E-C44B-4A3C-8BE0-C12C14A7348E}.Debug|Any CPU.Build.0 = Debug|Any CPU
		{66CAC93E-C44B-4A3C-8BE0-C12C14A7348E}.Debug|x64.ActiveCfg = Debug|Any CPU
		{66CAC93E-C44B-4A3C-8BE0-C12C14A7348E}.Debug|x64.Build.0 = Debug|Any CPU
		{66CAC93E-C44B-4A3C-8BE0-C12C14A7348E}.Debug|x86.ActiveCfg = Debug|Any CPU
		{66CAC93E-C44B-4A3C-8BE0-C12C14A7348E}.Debug|x86.Build.0 = Debug|Any CPU
		{66CAC93E-C44B-4A3C-8BE0-C12C14A7348E}.DebugFormat|Any CPU.ActiveCfg = Debug|Any CPU
		{66CAC93E-C44B-4A3C-8BE0-C12C14A7348E}.DebugFormat|Any CPU.Build.0 = Debug|Any CPU
		{66CAC93E-C44B-4A3C-8BE0-C12C14A7348E}.DebugFormat|x64.ActiveCfg = Debug|Any CPU
		{66CAC93E-C44B-4A3C-8BE0-C12C14A7348E}.DebugFormat|x64.Build.0 = Debug|Any CPU
		{66CAC93E-C44B-4A3C-8BE0-C12C14A7348E}.DebugFormat|x86.ActiveCfg = Debug|Any CPU
		{66CAC93E-C44B-4A3C-8BE0-C12C14A7348E}.DebugFormat|x86.Build.0 = Debug|Any CPU
		{66CAC93E-C44B-4A3C-8BE0-C12C14A7348E}.Release|Any CPU.ActiveCfg = Release|Any CPU
		{66CAC93E-C44B-4A3C-8BE0-C12C14A7348E}.Release|Any CPU.Build.0 = Release|Any CPU
		{66CAC93E-C44B-4A3C-8BE0-C12C14A7348E}.Release|x64.ActiveCfg = Release|Any CPU
		{66CAC93E-C44B-4A3C-8BE0-C12C14A7348E}.Release|x64.Build.0 = Release|Any CPU
		{66CAC93E-C44B-4A3C-8BE0-C12C14A7348E}.Release|x86.ActiveCfg = Release|Any CPU
		{66CAC93E-C44B-4A3C-8BE0-C12C14A7348E}.Release|x86.Build.0 = Release|Any CPU
		{66CAC93E-C44B-4A3C-8BE0-C12C14A7348E}.ReleaseStrip|Any CPU.ActiveCfg = Release|Any CPU
		{66CAC93E-C44B-4A3C-8BE0-C12C14A7348E}.ReleaseStrip|Any CPU.Build.0 = Release|Any CPU
		{66CAC93E-C44B-4A3C-8BE0-C12C14A7348E}.ReleaseStrip|x64.ActiveCfg = Release|Any CPU
		{66CAC93E-C44B-4A3C-8BE0-C12C14A7348E}.ReleaseStrip|x64.Build.0 = Release|Any CPU
		{66CAC93E-C44B-4A3C-8BE0-C12C14A7348E}.ReleaseStrip|x86.ActiveCfg = Release|Any CPU
		{66CAC93E-C44B-4A3C-8BE0-C12C14A7348E}.ReleaseStrip|x86.Build.0 = Release|Any CPU
		{66CAC93E-C44B-4A3C-8BE0-C12C14A7348E}.ReleaseStripNoProfiling|Any CPU.ActiveCfg = Release|Any CPU
		{66CAC93E-C44B-4A3C-8BE0-C12C14A7348E}.ReleaseStripNoProfiling|Any CPU.Build.0 = Release|Any CPU
		{66CAC93E-C44B-4A3C-8BE0-C12C14A7348E}.ReleaseStripNoProfiling|x64.ActiveCfg = Release|Any CPU
		{66CAC93E-C44B-4A3C-8BE0-C12C14A7348E}.ReleaseStripNoProfiling|x64.Build.0 = Release|Any CPU
		{66CAC93E-C44B-4A3C-8BE0-C12C14A7348E}.ReleaseStripNoProfiling|x86.ActiveCfg = Release|Any CPU
		{66CAC93E-C44B-4A3C-8BE0-C12C14A7348E}.ReleaseStripNoProfiling|x86.Build.0 = Release|Any CPU
		{66CAC93E-C44B-4A3C-8BE0-C12C14A7348E}.test|Any CPU.ActiveCfg = test|Any CPU
		{66CAC93E-C44B-4A3C-8BE0-C12C14A7348E}.test|Any CPU.Build.0 = test|Any CPU
		{66CAC93E-C44B-4A3C-8BE0-C12C14A7348E}.test|x64.ActiveCfg = test|Any CPU
		{66CAC93E-C44B-4A3C-8BE0-C12C14A7348E}.test|x64.Build.0 = test|Any CPU
		{66CAC93E-C44B-4A3C-8BE0-C12C14A7348E}.test|x86.ActiveCfg = test|Any CPU
		{66CAC93E-C44B-4A3C-8BE0-C12C14A7348E}.test|x86.Build.0 = test|Any CPU
		{2A3A4F5A-B2AD-4DB1-B128-E0B3A933A52E}.Debug|Any CPU.ActiveCfg = Debug|Any CPU
		{2A3A4F5A-B2AD-4DB1-B128-E0B3A933A52E}.Debug|Any CPU.Build.0 = Debug|Any CPU
		{2A3A4F5A-B2AD-4DB1-B128-E0B3A933A52E}.Debug|x64.ActiveCfg = Debug|Any CPU
		{2A3A4F5A-B2AD-4DB1-B128-E0B3A933A52E}.Debug|x64.Build.0 = Debug|Any CPU
		{2A3A4F5A-B2AD-4DB1-B128-E0B3A933A52E}.Debug|x86.ActiveCfg = Debug|Any CPU
		{2A3A4F5A-B2AD-4DB1-B128-E0B3A933A52E}.Debug|x86.Build.0 = Debug|Any CPU
		{2A3A4F5A-B2AD-4DB1-B128-E0B3A933A52E}.DebugFormat|Any CPU.ActiveCfg = Debug|Any CPU
		{2A3A4F5A-B2AD-4DB1-B128-E0B3A933A52E}.DebugFormat|Any CPU.Build.0 = Debug|Any CPU
		{2A3A4F5A-B2AD-4DB1-B128-E0B3A933A52E}.DebugFormat|x64.ActiveCfg = Debug|Any CPU
		{2A3A4F5A-B2AD-4DB1-B128-E0B3A933A52E}.DebugFormat|x64.Build.0 = Debug|Any CPU
		{2A3A4F5A-B2AD-4DB1-B128-E0B3A933A52E}.DebugFormat|x86.ActiveCfg = Debug|Any CPU
		{2A3A4F5A-B2AD-4DB1-B128-E0B3A933A52E}.DebugFormat|x86.Build.0 = Debug|Any CPU
		{2A3A4F5A-B2AD-4DB1-B128-E0B3A933A52E}.Release|Any CPU.ActiveCfg = Release|Any CPU
		{2A3A4F5A-B2AD-4DB1-B128-E0B3A933A52E}.Release|Any CPU.Build.0 = Release|Any CPU
		{2A3A4F5A-B2AD-4DB1-B128-E0B3A933A52E}.Release|x64.ActiveCfg = Release|Any CPU
		{2A3A4F5A-B2AD-4DB1-B128-E0B3A933A52E}.Release|x64.Build.0 = Release|Any CPU
		{2A3A4F5A-B2AD-4DB1-B128-E0B3A933A52E}.Release|x86.ActiveCfg = Release|Any CPU
		{2A3A4F5A-B2AD-4DB1-B128-E0B3A933A52E}.Release|x86.Build.0 = Release|Any CPU
		{2A3A4F5A-B2AD-4DB1-B128-E0B3A933A52E}.ReleaseStrip|Any CPU.ActiveCfg = Release|Any CPU
		{2A3A4F5A-B2AD-4DB1-B128-E0B3A933A52E}.ReleaseStrip|Any CPU.Build.0 = Release|Any CPU
		{2A3A4F5A-B2AD-4DB1-B128-E0B3A933A52E}.ReleaseStrip|x64.ActiveCfg = Release|Any CPU
		{2A3A4F5A-B2AD-4DB1-B128-E0B3A933A52E}.ReleaseStrip|x64.Build.0 = Release|Any CPU
		{2A3A4F5A-B2AD-4DB1-B128-E0B3A933A52E}.ReleaseStrip|x86.ActiveCfg = Release|Any CPU
		{2A3A4F5A-B2AD-4DB1-B128-E0B3A933A52E}.ReleaseStrip|x86.Build.0 = Release|Any CPU
		{2A3A4F5A-B2AD-4DB1-B128-E0B3A933A52E}.ReleaseStripNoProfiling|Any CPU.ActiveCfg = Release|Any CPU
		{2A3A4F5A-B2AD-4DB1-B128-E0B3A933A52E}.ReleaseStripNoProfiling|Any CPU.Build.0 = Release|Any CPU
		{2A3A4F5A-B2AD-4DB1-B128-E0B3A933A52E}.ReleaseStripNoProfiling|x64.ActiveCfg = Release|Any CPU
		{2A3A4F5A-B2AD-4DB1-B128-E0B3A933A52E}.ReleaseStripNoProfiling|x64.Build.0 = Release|Any CPU
		{2A3A4F5A-B2AD-4DB1-B128-E0B3A933A52E}.ReleaseStripNoProfiling|x86.ActiveCfg = Release|Any CPU
		{2A3A4F5A-B2AD-4DB1-B128-E0B3A933A52E}.ReleaseStripNoProfiling|x86.Build.0 = Release|Any CPU
		{2A3A4F5A-B2AD-4DB1-B128-E0B3A933A52E}.test|Any CPU.ActiveCfg = Debug|Any CPU
		{2A3A4F5A-B2AD-4DB1-B128-E0B3A933A52E}.test|Any CPU.Build.0 = Debug|Any CPU
		{2A3A4F5A-B2AD-4DB1-B128-E0B3A933A52E}.test|x64.ActiveCfg = Debug|Any CPU
		{2A3A4F5A-B2AD-4DB1-B128-E0B3A933A52E}.test|x64.Build.0 = Debug|Any CPU
		{2A3A4F5A-B2AD-4DB1-B128-E0B3A933A52E}.test|x86.ActiveCfg = Debug|Any CPU
		{2A3A4F5A-B2AD-4DB1-B128-E0B3A933A52E}.test|x86.Build.0 = Debug|Any CPU
		{9C8E3875-1C15-47F1-AE20-41ECAC98C0DE}.Debug|Any CPU.ActiveCfg = Debug|Any CPU
		{9C8E3875-1C15-47F1-AE20-41ECAC98C0DE}.Debug|Any CPU.Build.0 = Debug|Any CPU
		{9C8E3875-1C15-47F1-AE20-41ECAC98C0DE}.Debug|x64.ActiveCfg = Debug|Any CPU
		{9C8E3875-1C15-47F1-AE20-41ECAC98C0DE}.Debug|x64.Build.0 = Debug|Any CPU
		{9C8E3875-1C15-47F1-AE20-41ECAC98C0DE}.Debug|x86.ActiveCfg = Debug|Any CPU
		{9C8E3875-1C15-47F1-AE20-41ECAC98C0DE}.Debug|x86.Build.0 = Debug|Any CPU
		{9C8E3875-1C15-47F1-AE20-41ECAC98C0DE}.DebugFormat|Any CPU.ActiveCfg = Debug|Any CPU
		{9C8E3875-1C15-47F1-AE20-41ECAC98C0DE}.DebugFormat|Any CPU.Build.0 = Debug|Any CPU
		{9C8E3875-1C15-47F1-AE20-41ECAC98C0DE}.DebugFormat|x64.ActiveCfg = Debug|Any CPU
		{9C8E3875-1C15-47F1-AE20-41ECAC98C0DE}.DebugFormat|x64.Build.0 = Debug|Any CPU
		{9C8E3875-1C15-47F1-AE20-41ECAC98C0DE}.DebugFormat|x86.ActiveCfg = Debug|Any CPU
		{9C8E3875-1C15-47F1-AE20-41ECAC98C0DE}.DebugFormat|x86.Build.0 = Debug|Any CPU
		{9C8E3875-1C15-47F1-AE20-41ECAC98C0DE}.Release|Any CPU.ActiveCfg = Release|Any CPU
		{9C8E3875-1C15-47F1-AE20-41ECAC98C0DE}.Release|Any CPU.Build.0 = Release|Any CPU
		{9C8E3875-1C15-47F1-AE20-41ECAC98C0DE}.Release|x64.ActiveCfg = Release|Any CPU
		{9C8E3875-1C15-47F1-AE20-41ECAC98C0DE}.Release|x64.Build.0 = Release|Any CPU
		{9C8E3875-1C15-47F1-AE20-41ECAC98C0DE}.Release|x86.ActiveCfg = Release|Any CPU
		{9C8E3875-1C15-47F1-AE20-41ECAC98C0DE}.Release|x86.Build.0 = Release|Any CPU
		{9C8E3875-1C15-47F1-AE20-41ECAC98C0DE}.ReleaseStrip|Any CPU.ActiveCfg = ReleaseStrip|Any CPU
		{9C8E3875-1C15-47F1-AE20-41ECAC98C0DE}.ReleaseStrip|Any CPU.Build.0 = ReleaseStrip|Any CPU
		{9C8E3875-1C15-47F1-AE20-41ECAC98C0DE}.ReleaseStrip|x64.ActiveCfg = ReleaseStrip|Any CPU
		{9C8E3875-1C15-47F1-AE20-41ECAC98C0DE}.ReleaseStrip|x64.Build.0 = ReleaseStrip|Any CPU
		{9C8E3875-1C15-47F1-AE20-41ECAC98C0DE}.ReleaseStrip|x86.ActiveCfg = ReleaseStrip|Any CPU
		{9C8E3875-1C15-47F1-AE20-41ECAC98C0DE}.ReleaseStrip|x86.Build.0 = ReleaseStrip|Any CPU
		{9C8E3875-1C15-47F1-AE20-41ECAC98C0DE}.ReleaseStripNoProfiling|Any CPU.ActiveCfg = ReleaseStripNoProfiling|Any CPU
		{9C8E3875-1C15-47F1-AE20-41ECAC98C0DE}.ReleaseStripNoProfiling|Any CPU.Build.0 = ReleaseStripNoProfiling|Any CPU
		{9C8E3875-1C15-47F1-AE20-41ECAC98C0DE}.ReleaseStripNoProfiling|x64.ActiveCfg = ReleaseStripNoProfiling|Any CPU
		{9C8E3875-1C15-47F1-AE20-41ECAC98C0DE}.ReleaseStripNoProfiling|x64.Build.0 = ReleaseStripNoProfiling|Any CPU
		{9C8E3875-1C15-47F1-AE20-41ECAC98C0DE}.ReleaseStripNoProfiling|x86.ActiveCfg = ReleaseStripNoProfiling|Any CPU
		{9C8E3875-1C15-47F1-AE20-41ECAC98C0DE}.ReleaseStripNoProfiling|x86.Build.0 = ReleaseStripNoProfiling|Any CPU
		{9C8E3875-1C15-47F1-AE20-41ECAC98C0DE}.test|Any CPU.ActiveCfg = Debug|Any CPU
		{9C8E3875-1C15-47F1-AE20-41ECAC98C0DE}.test|Any CPU.Build.0 = Debug|Any CPU
		{9C8E3875-1C15-47F1-AE20-41ECAC98C0DE}.test|x64.ActiveCfg = Debug|Any CPU
		{9C8E3875-1C15-47F1-AE20-41ECAC98C0DE}.test|x64.Build.0 = Debug|Any CPU
		{9C8E3875-1C15-47F1-AE20-41ECAC98C0DE}.test|x86.ActiveCfg = Debug|Any CPU
		{9C8E3875-1C15-47F1-AE20-41ECAC98C0DE}.test|x86.Build.0 = Debug|Any CPU
		{E36FBA9E-7FD7-49AD-B2BA-E69B65B0CA9F}.Debug|Any CPU.ActiveCfg = Debug|Any CPU
		{E36FBA9E-7FD7-49AD-B2BA-E69B65B0CA9F}.Debug|Any CPU.Build.0 = Debug|Any CPU
		{E36FBA9E-7FD7-49AD-B2BA-E69B65B0CA9F}.Debug|x64.ActiveCfg = Debug|Any CPU
		{E36FBA9E-7FD7-49AD-B2BA-E69B65B0CA9F}.Debug|x64.Build.0 = Debug|Any CPU
		{E36FBA9E-7FD7-49AD-B2BA-E69B65B0CA9F}.Debug|x86.ActiveCfg = Debug|Any CPU
		{E36FBA9E-7FD7-49AD-B2BA-E69B65B0CA9F}.Debug|x86.Build.0 = Debug|Any CPU
		{E36FBA9E-7FD7-49AD-B2BA-E69B65B0CA9F}.DebugFormat|Any CPU.ActiveCfg = Debug|Any CPU
		{E36FBA9E-7FD7-49AD-B2BA-E69B65B0CA9F}.DebugFormat|Any CPU.Build.0 = Debug|Any CPU
		{E36FBA9E-7FD7-49AD-B2BA-E69B65B0CA9F}.DebugFormat|x64.ActiveCfg = Debug|Any CPU
		{E36FBA9E-7FD7-49AD-B2BA-E69B65B0CA9F}.DebugFormat|x64.Build.0 = Debug|Any CPU
		{E36FBA9E-7FD7-49AD-B2BA-E69B65B0CA9F}.DebugFormat|x86.ActiveCfg = Debug|Any CPU
		{E36FBA9E-7FD7-49AD-B2BA-E69B65B0CA9F}.DebugFormat|x86.Build.0 = Debug|Any CPU
		{E36FBA9E-7FD7-49AD-B2BA-E69B65B0CA9F}.Release|Any CPU.ActiveCfg = Release|Any CPU
		{E36FBA9E-7FD7-49AD-B2BA-E69B65B0CA9F}.Release|Any CPU.Build.0 = Release|Any CPU
		{E36FBA9E-7FD7-49AD-B2BA-E69B65B0CA9F}.Release|x64.ActiveCfg = Release|Any CPU
		{E36FBA9E-7FD7-49AD-B2BA-E69B65B0CA9F}.Release|x64.Build.0 = Release|Any CPU
		{E36FBA9E-7FD7-49AD-B2BA-E69B65B0CA9F}.Release|x86.ActiveCfg = Release|Any CPU
		{E36FBA9E-7FD7-49AD-B2BA-E69B65B0CA9F}.Release|x86.Build.0 = Release|Any CPU
		{E36FBA9E-7FD7-49AD-B2BA-E69B65B0CA9F}.ReleaseStrip|Any CPU.ActiveCfg = ReleaseStrip|Any CPU
		{E36FBA9E-7FD7-49AD-B2BA-E69B65B0CA9F}.ReleaseStrip|Any CPU.Build.0 = ReleaseStrip|Any CPU
		{E36FBA9E-7FD7-49AD-B2BA-E69B65B0CA9F}.ReleaseStrip|x64.ActiveCfg = ReleaseStrip|Any CPU
		{E36FBA9E-7FD7-49AD-B2BA-E69B65B0CA9F}.ReleaseStrip|x64.Build.0 = ReleaseStrip|Any CPU
		{E36FBA9E-7FD7-49AD-B2BA-E69B65B0CA9F}.ReleaseStrip|x86.ActiveCfg = ReleaseStrip|Any CPU
		{E36FBA9E-7FD7-49AD-B2BA-E69B65B0CA9F}.ReleaseStrip|x86.Build.0 = ReleaseStrip|Any CPU
		{E36FBA9E-7FD7-49AD-B2BA-E69B65B0CA9F}.ReleaseStripNoProfiling|Any CPU.ActiveCfg = ReleaseStrip|Any CPU
		{E36FBA9E-7FD7-49AD-B2BA-E69B65B0CA9F}.ReleaseStripNoProfiling|Any CPU.Build.0 = ReleaseStrip|Any CPU
		{E36FBA9E-7FD7-49AD-B2BA-E69B65B0CA9F}.ReleaseStripNoProfiling|x64.ActiveCfg = ReleaseStrip|Any CPU
		{E36FBA9E-7FD7-49AD-B2BA-E69B65B0CA9F}.ReleaseStripNoProfiling|x64.Build.0 = ReleaseStrip|Any CPU
		{E36FBA9E-7FD7-49AD-B2BA-E69B65B0CA9F}.ReleaseStripNoProfiling|x86.ActiveCfg = ReleaseStrip|Any CPU
		{E36FBA9E-7FD7-49AD-B2BA-E69B65B0CA9F}.ReleaseStripNoProfiling|x86.Build.0 = ReleaseStrip|Any CPU
		{E36FBA9E-7FD7-49AD-B2BA-E69B65B0CA9F}.test|Any CPU.ActiveCfg = Debug|Any CPU
		{E36FBA9E-7FD7-49AD-B2BA-E69B65B0CA9F}.test|Any CPU.Build.0 = Debug|Any CPU
		{E36FBA9E-7FD7-49AD-B2BA-E69B65B0CA9F}.test|x64.ActiveCfg = Debug|Any CPU
		{E36FBA9E-7FD7-49AD-B2BA-E69B65B0CA9F}.test|x64.Build.0 = Debug|Any CPU
		{E36FBA9E-7FD7-49AD-B2BA-E69B65B0CA9F}.test|x86.ActiveCfg = Debug|Any CPU
		{E36FBA9E-7FD7-49AD-B2BA-E69B65B0CA9F}.test|x86.Build.0 = Debug|Any CPU
		{7A565927-520B-4CB9-B521-7C7DB19DB5EF}.Debug|Any CPU.ActiveCfg = Debug|Any CPU
		{7A565927-520B-4CB9-B521-7C7DB19DB5EF}.Debug|Any CPU.Build.0 = Debug|Any CPU
		{7A565927-520B-4CB9-B521-7C7DB19DB5EF}.Debug|x64.ActiveCfg = Debug|Any CPU
		{7A565927-520B-4CB9-B521-7C7DB19DB5EF}.Debug|x64.Build.0 = Debug|Any CPU
		{7A565927-520B-4CB9-B521-7C7DB19DB5EF}.Debug|x86.ActiveCfg = Debug|Any CPU
		{7A565927-520B-4CB9-B521-7C7DB19DB5EF}.Debug|x86.Build.0 = Debug|Any CPU
		{7A565927-520B-4CB9-B521-7C7DB19DB5EF}.DebugFormat|Any CPU.ActiveCfg = Debug|Any CPU
		{7A565927-520B-4CB9-B521-7C7DB19DB5EF}.DebugFormat|Any CPU.Build.0 = Debug|Any CPU
		{7A565927-520B-4CB9-B521-7C7DB19DB5EF}.DebugFormat|x64.ActiveCfg = Debug|Any CPU
		{7A565927-520B-4CB9-B521-7C7DB19DB5EF}.DebugFormat|x64.Build.0 = Debug|Any CPU
		{7A565927-520B-4CB9-B521-7C7DB19DB5EF}.DebugFormat|x86.ActiveCfg = Debug|Any CPU
		{7A565927-520B-4CB9-B521-7C7DB19DB5EF}.DebugFormat|x86.Build.0 = Debug|Any CPU
		{7A565927-520B-4CB9-B521-7C7DB19DB5EF}.Release|Any CPU.ActiveCfg = Release|Any CPU
		{7A565927-520B-4CB9-B521-7C7DB19DB5EF}.Release|Any CPU.Build.0 = Release|Any CPU
		{7A565927-520B-4CB9-B521-7C7DB19DB5EF}.Release|x64.ActiveCfg = Release|Any CPU
		{7A565927-520B-4CB9-B521-7C7DB19DB5EF}.Release|x64.Build.0 = Release|Any CPU
		{7A565927-520B-4CB9-B521-7C7DB19DB5EF}.Release|x86.ActiveCfg = Release|Any CPU
		{7A565927-520B-4CB9-B521-7C7DB19DB5EF}.Release|x86.Build.0 = Release|Any CPU
		{7A565927-520B-4CB9-B521-7C7DB19DB5EF}.ReleaseStrip|Any CPU.ActiveCfg = Release|Any CPU
		{7A565927-520B-4CB9-B521-7C7DB19DB5EF}.ReleaseStrip|Any CPU.Build.0 = Release|Any CPU
		{7A565927-520B-4CB9-B521-7C7DB19DB5EF}.ReleaseStrip|x64.ActiveCfg = Release|Any CPU
		{7A565927-520B-4CB9-B521-7C7DB19DB5EF}.ReleaseStrip|x64.Build.0 = Release|Any CPU
		{7A565927-520B-4CB9-B521-7C7DB19DB5EF}.ReleaseStrip|x86.ActiveCfg = Release|Any CPU
		{7A565927-520B-4CB9-B521-7C7DB19DB5EF}.ReleaseStrip|x86.Build.0 = Release|Any CPU
		{7A565927-520B-4CB9-B521-7C7DB19DB5EF}.ReleaseStripNoProfiling|Any CPU.ActiveCfg = Release|Any CPU
		{7A565927-520B-4CB9-B521-7C7DB19DB5EF}.ReleaseStripNoProfiling|Any CPU.Build.0 = Release|Any CPU
		{7A565927-520B-4CB9-B521-7C7DB19DB5EF}.ReleaseStripNoProfiling|x64.ActiveCfg = Release|Any CPU
		{7A565927-520B-4CB9-B521-7C7DB19DB5EF}.ReleaseStripNoProfiling|x64.Build.0 = Release|Any CPU
		{7A565927-520B-4CB9-B521-7C7DB19DB5EF}.ReleaseStripNoProfiling|x86.ActiveCfg = Release|Any CPU
		{7A565927-520B-4CB9-B521-7C7DB19DB5EF}.ReleaseStripNoProfiling|x86.Build.0 = Release|Any CPU
		{7A565927-520B-4CB9-B521-7C7DB19DB5EF}.test|Any CPU.ActiveCfg = Debug|Any CPU
		{7A565927-520B-4CB9-B521-7C7DB19DB5EF}.test|Any CPU.Build.0 = Debug|Any CPU
		{7A565927-520B-4CB9-B521-7C7DB19DB5EF}.test|x64.ActiveCfg = Debug|Any CPU
		{7A565927-520B-4CB9-B521-7C7DB19DB5EF}.test|x64.Build.0 = Debug|Any CPU
		{7A565927-520B-4CB9-B521-7C7DB19DB5EF}.test|x86.ActiveCfg = Debug|Any CPU
		{7A565927-520B-4CB9-B521-7C7DB19DB5EF}.test|x86.Build.0 = Debug|Any CPU
		{4C468FFF-DED6-4AAC-ACE1-53FEAA3E33C3}.Debug|Any CPU.ActiveCfg = Debug|Any CPU
		{4C468FFF-DED6-4AAC-ACE1-53FEAA3E33C3}.Debug|Any CPU.Build.0 = Debug|Any CPU
		{4C468FFF-DED6-4AAC-ACE1-53FEAA3E33C3}.Debug|x64.ActiveCfg = Debug|Any CPU
		{4C468FFF-DED6-4AAC-ACE1-53FEAA3E33C3}.Debug|x64.Build.0 = Debug|Any CPU
		{4C468FFF-DED6-4AAC-ACE1-53FEAA3E33C3}.Debug|x86.ActiveCfg = Debug|Any CPU
		{4C468FFF-DED6-4AAC-ACE1-53FEAA3E33C3}.Debug|x86.Build.0 = Debug|Any CPU
		{4C468FFF-DED6-4AAC-ACE1-53FEAA3E33C3}.DebugFormat|Any CPU.ActiveCfg = Debug|Any CPU
		{4C468FFF-DED6-4AAC-ACE1-53FEAA3E33C3}.DebugFormat|Any CPU.Build.0 = Debug|Any CPU
		{4C468FFF-DED6-4AAC-ACE1-53FEAA3E33C3}.DebugFormat|x64.ActiveCfg = Debug|Any CPU
		{4C468FFF-DED6-4AAC-ACE1-53FEAA3E33C3}.DebugFormat|x64.Build.0 = Debug|Any CPU
		{4C468FFF-DED6-4AAC-ACE1-53FEAA3E33C3}.DebugFormat|x86.ActiveCfg = Debug|Any CPU
		{4C468FFF-DED6-4AAC-ACE1-53FEAA3E33C3}.DebugFormat|x86.Build.0 = Debug|Any CPU
		{4C468FFF-DED6-4AAC-ACE1-53FEAA3E33C3}.Release|Any CPU.ActiveCfg = Release|Any CPU
		{4C468FFF-DED6-4AAC-ACE1-53FEAA3E33C3}.Release|Any CPU.Build.0 = Release|Any CPU
		{4C468FFF-DED6-4AAC-ACE1-53FEAA3E33C3}.Release|x64.ActiveCfg = Release|Any CPU
		{4C468FFF-DED6-4AAC-ACE1-53FEAA3E33C3}.Release|x64.Build.0 = Release|Any CPU
		{4C468FFF-DED6-4AAC-ACE1-53FEAA3E33C3}.Release|x86.ActiveCfg = Release|Any CPU
		{4C468FFF-DED6-4AAC-ACE1-53FEAA3E33C3}.Release|x86.Build.0 = Release|Any CPU
		{4C468FFF-DED6-4AAC-ACE1-53FEAA3E33C3}.ReleaseStrip|Any CPU.ActiveCfg = Release|Any CPU
		{4C468FFF-DED6-4AAC-ACE1-53FEAA3E33C3}.ReleaseStrip|Any CPU.Build.0 = Release|Any CPU
		{4C468FFF-DED6-4AAC-ACE1-53FEAA3E33C3}.ReleaseStrip|x64.ActiveCfg = Release|Any CPU
		{4C468FFF-DED6-4AAC-ACE1-53FEAA3E33C3}.ReleaseStrip|x64.Build.0 = Release|Any CPU
		{4C468FFF-DED6-4AAC-ACE1-53FEAA3E33C3}.ReleaseStrip|x86.ActiveCfg = Release|Any CPU
		{4C468FFF-DED6-4AAC-ACE1-53FEAA3E33C3}.ReleaseStrip|x86.Build.0 = Release|Any CPU
		{4C468FFF-DED6-4AAC-ACE1-53FEAA3E33C3}.ReleaseStripNoProfiling|Any CPU.ActiveCfg = Release|Any CPU
		{4C468FFF-DED6-4AAC-ACE1-53FEAA3E33C3}.ReleaseStripNoProfiling|Any CPU.Build.0 = Release|Any CPU
		{4C468FFF-DED6-4AAC-ACE1-53FEAA3E33C3}.ReleaseStripNoProfiling|x64.ActiveCfg = Release|Any CPU
		{4C468FFF-DED6-4AAC-ACE1-53FEAA3E33C3}.ReleaseStripNoProfiling|x64.Build.0 = Release|Any CPU
		{4C468FFF-DED6-4AAC-ACE1-53FEAA3E33C3}.ReleaseStripNoProfiling|x86.ActiveCfg = Release|Any CPU
		{4C468FFF-DED6-4AAC-ACE1-53FEAA3E33C3}.ReleaseStripNoProfiling|x86.Build.0 = Release|Any CPU
		{4C468FFF-DED6-4AAC-ACE1-53FEAA3E33C3}.test|Any CPU.ActiveCfg = test|Any CPU
		{4C468FFF-DED6-4AAC-ACE1-53FEAA3E33C3}.test|Any CPU.Build.0 = test|Any CPU
		{4C468FFF-DED6-4AAC-ACE1-53FEAA3E33C3}.test|x64.ActiveCfg = test|Any CPU
		{4C468FFF-DED6-4AAC-ACE1-53FEAA3E33C3}.test|x64.Build.0 = test|Any CPU
		{4C468FFF-DED6-4AAC-ACE1-53FEAA3E33C3}.test|x86.ActiveCfg = test|Any CPU
		{4C468FFF-DED6-4AAC-ACE1-53FEAA3E33C3}.test|x86.Build.0 = test|Any CPU
	EndGlobalSection
	GlobalSection(SolutionProperties) = preSolution
		HideSolutionNode = FALSE
	EndGlobalSection
	GlobalSection(ExtensibilityGlobals) = postSolution
		SolutionGuid = {040E81F2-20F2-4829-9E87-D63403AB18C0}
	EndGlobalSection
EndGlobal
